
Microsoft Visual Studio Solution File, Format Version 12.00
# Visual Studio Version 17
VisualStudioVersion = 17.14.37111.16 d17.14
MinimumVisualStudioVersion = 10.0.40219.1
Project("{FAE04EC0-301F-11D3-BF4B-00C04F79EFBC}") = "Web_Technology_CodeChallenge", "Web_Technology_CodeChallenge\Web_Technology_CodeChallenge.csproj", "{BE07E139-1BE6-47D7-BAAB-F048714B09F1}"
EndProject
Global
	GlobalSection(SolutionConfigurationPlatforms) = preSolution
		Debug|Any CPU = Debug|Any CPU
		Release|Any CPU = Release|Any CPU
	EndGlobalSection
	GlobalSection(ProjectConfigurationPlatforms) = postSolution
		{BE07E139-1BE6-47D7-BAAB-F048714B09F1}.Debug|Any CPU.ActiveCfg = Debug|Any CPU
		{BE07E139-1BE6-47D7-BAAB-F048714B09F1}.Debug|Any CPU.Build.0 = Debug|Any CPU
		{BE07E139-1BE6-47D7-BAAB-F048714B09F1}.Release|Any CPU.ActiveCfg = Release|Any CPU
		{BE07E139-1BE6-47D7-BAAB-F048714B09F1}.Release|Any CPU.Build.0 = Release|Any CPU
	EndGlobalSection
	GlobalSection(SolutionProperties) = preSolution
		HideSolutionNode = FALSE
	EndGlobalSection
	GlobalSection(ExtensibilityGlobals) = postSolution
		SolutionGuid = {C12C50B3-224E-441F-B778-9E3AF1A25F6B}
	EndGlobalSection
EndGlobal
