
Microsoft Visual Studio Solution File, Format Version 12.00
# Visual Studio Version 17
VisualStudioVersion = 17.14.37111.16 d17.14
MinimumVisualStudioVersion = 10.0.40219.1
Project("{FAE04EC0-301F-11D3-BF4B-00C04F79EFBC}") = "Assignment 1", "Assignment 1\Assignment 1.csproj", "{B847D435-9C34-404F-AEA2-001E8176D780}"
EndProject
Global
	GlobalSection(SolutionConfigurationPlatforms) = preSolution
		Debug|Any CPU = Debug|Any CPU
		Release|Any CPU = Release|Any CPU
	EndGlobalSection
	GlobalSection(ProjectConfigurationPlatforms) = postSolution
		{B847D435-9C34-404F-AEA2-001E8176D780}.Debug|Any CPU.ActiveCfg = Debug|Any CPU
		{B847D435-9C34-404F-AEA2-001E8176D780}.Debug|Any CPU.Build.0 = Debug|Any CPU
		{B847D435-9C34-404F-AEA2-001E8176D780}.Release|Any CPU.ActiveCfg = Release|Any CPU
		{B847D435-9C34-404F-AEA2-001E8176D780}.Release|Any CPU.Build.0 = Release|Any CPU
	EndGlobalSection
	GlobalSection(SolutionProperties) = preSolution
		HideSolutionNode = FALSE
	EndGlobalSection
	GlobalSection(ExtensibilityGlobals) = postSolution
		SolutionGuid = {C5F29AAB-B9A7-41AF-8619-5F529E260757}
	EndGlobalSection
EndGlobal
